{
    "_meta": {
        "hash": {
            "sha256": "0de24a099dda162205aa3dc59e2713ffe5f484593a0c1570944b9b78894af410"
        },
        "pipfile-spec": 6,
        "requires": {
            "python_version": "3.10"
        },
        "sources": [
            {
                "name": "pypi",
                "url": "https://pypi.org/simple",
                "verify_ssl": true
            }
        ]
    },
    "default": {
        "pyro5": {
            "hashes": [
                "sha256:4d85428ed75985e63f159d2486ad5680743ea76f766340fd30b65dd20f83d471",
                "sha256:82c3dfc9860b49f897b28ff24fe6716c841672c600af8fe40d0e3a7fac9a3f5e"
            ],
            "index": "pypi",
            "markers": "python_version >= '3.7'",
            "version": "==5.15"
        },
        "serpent": {
            "hashes": [
                "sha256:0407035fe3c6644387d48cff1467d5aa9feff814d07372b78677ed0ee3ed7095",
                "sha256:5fd776b3420441985bc10679564c2c9b4a19f77bea59f018e473441d98ae5dd7"
            ],
            "markers": "python_version >= '3.2'",
            "version": "==1.41"
        }
    },
    "develop": {}
}
